
Microsoft Visual Studio Solution File, Format Version 12.00
Project("{FAE04EC0-301F-11D3-BF4B-00C04F79EFBC}") = "Test", "Test/Test.csproj", "{252AD0C1-1806-4779-9041-9A97990909FF}"
EndProject
Project("{FAE04EC0-301F-11D3-BF4B-00C04F79EFBC}") = "CSLua", "CSLua/CSLua.csproj", "{A066923B-EFCA-4424-ACDA-3715B18FA89D}"
EndProject
Global
	GlobalSection(SolutionConfigurationPlatforms) = preSolution
		Debug|Any CPU = Debug|Any CPU
		Release|Any CPU = Release|Any CPU
	EndGlobalSection
	GlobalSection(ProjectConfigurationPlatforms) = postSolution
		{252AD0C1-1806-4779-9041-9A97990909FF}.Debug|Any CPU.ActiveCfg = Debug|Any CPU
		{252AD0C1-1806-4779-9041-9A97990909FF}.Debug|Any CPU.Build.0 = Debug|Any CPU
		{252AD0C1-1806-4779-9041-9A97990909FF}.Release|Any CPU.ActiveCfg = Release|Any CPU
		{252AD0C1-1806-4779-9041-9A97990909FF}.Release|Any CPU.Build.0 = Release|Any CPU
		{A066923B-EFCA-4424-ACDA-3715B18FA89D}.Debug|Any CPU.ActiveCfg = Debug|Any CPU
		{A066923B-EFCA-4424-ACDA-3715B18FA89D}.Debug|Any CPU.Build.0 = Debug|Any CPU
		{A066923B-EFCA-4424-ACDA-3715B18FA89D}.Release|Any CPU.ActiveCfg = Release|Any CPU
		{A066923B-EFCA-4424-ACDA-3715B18FA89D}.Release|Any CPU.Build.0 = Release|Any CPU
	EndGlobalSection
EndGlobal
